
Microsoft Visual Studio Solution File, Format Version 12.00
# Visual Studio Version 16
VisualStudioVersion = 16.0.33130.400
MinimumVisualStudioVersion = 10.0.40219.1
Project("{9A19103F-16F7-4668-BE54-9A1E7A4F7556}") = "CoreDemo", "CoreDemo\CoreDemo.csproj", "{1AB1BB67-AB73-4F56-AD70-B72E0D32F7D3}"
EndProject
Project("{9A19103F-16F7-4668-BE54-9A1E7A4F7556}") = "EntityLayer", "EntityLayer\EntityLayer.csproj", "{FED2584D-C5E0-4018-B51B-951D998877F1}"
EndProject
Project("{9A19103F-16F7-4668-BE54-9A1E7A4F7556}") = "DataAccessLayer", "DataAccessLayer\DataAccessLayer.csproj", "{66E678AF-5327-4DEA-8E44-14B949F2DDDF}"
EndProject
Project("{9A19103F-16F7-4668-BE54-9A1E7A4F7556}") = "BusinessLayer", "BusinessLayer\BusinessLayer.csproj", "{2EBFDABF-3F87-4600-B8BE-3E8EE2C78D36}"
EndProject
Project("{9A19103F-16F7-4668-BE54-9A1E7A4F7556}") = "CoreLayer", "CoreLayer\CoreLayer.csproj", "{C9ED4F21-0B79-487E-A8DE-FAFD287DF401}"
EndProject
Global
	GlobalSection(SolutionConfigurationPlatforms) = preSolution
		Debug|Any CPU = Debug|Any CPU
		Release|Any CPU = Release|Any CPU
	EndGlobalSection
	GlobalSection(ProjectConfigurationPlatforms) = postSolution
		{1AB1BB67-AB73-4F56-AD70-B72E0D32F7D3}.Debug|Any CPU.ActiveCfg = Debug|Any CPU
		{1AB1BB67-AB73-4F56-AD70-B72E0D32F7D3}.Debug|Any CPU.Build.0 = Debug|Any CPU
		{1AB1BB67-AB73-4F56-AD70-B72E0D32F7D3}.Release|Any CPU.ActiveCfg = Release|Any CPU
		{1AB1BB67-AB73-4F56-AD70-B72E0D32F7D3}.Release|Any CPU.Build.0 = Release|Any CPU
		{FED2584D-C5E0-4018-B51B-951D998877F1}.Debug|Any CPU.ActiveCfg = Debug|Any CPU
		{FED2584D-C5E0-4018-B51B-951D998877F1}.Debug|Any CPU.Build.0 = Debug|Any CPU
		{FED2584D-C5E0-4018-B51B-951D998877F1}.Release|Any CPU.ActiveCfg = Release|Any CPU
		{FED2584D-C5E0-4018-B51B-951D998877F1}.Release|Any CPU.Build.0 = Release|Any CPU
		{66E678AF-5327-4DEA-8E44-14B949F2DDDF}.Debug|Any CPU.ActiveCfg = Debug|Any CPU
		{66E678AF-5327-4DEA-8E44-14B949F2DDDF}.Debug|Any CPU.Build.0 = Debug|Any CPU
		{66E678AF-5327-4DEA-8E44-14B949F2DDDF}.Release|Any CPU.ActiveCfg = Release|Any CPU
		{66E678AF-5327-4DEA-8E44-14B949F2DDDF}.Release|Any CPU.Build.0 = Release|Any CPU
		{2EBFDABF-3F87-4600-B8BE-3E8EE2C78D36}.Debug|Any CPU.ActiveCfg = Debug|Any CPU
		{2EBFDABF-3F87-4600-B8BE-3E8EE2C78D36}.Debug|Any CPU.Build.0 = Debug|Any CPU
		{2EBFDABF-3F87-4600-B8BE-3E8EE2C78D36}.Release|Any CPU.ActiveCfg = Release|Any CPU
		{2EBFDABF-3F87-4600-B8BE-3E8EE2C78D36}.Release|Any CPU.Build.0 = Release|Any CPU
		{C9ED4F21-0B79-487E-A8DE-FAFD287DF401}.Debug|Any CPU.ActiveCfg = Debug|Any CPU
		{C9ED4F21-0B79-487E-A8DE-FAFD287DF401}.Debug|Any CPU.Build.0 = Debug|Any CPU
		{C9ED4F21-0B79-487E-A8DE-FAFD287DF401}.Release|Any CPU.ActiveCfg = Release|Any CPU
		{C9ED4F21-0B79-487E-A8DE-FAFD287DF401}.Release|Any CPU.Build.0 = Release|Any CPU
	EndGlobalSection
	GlobalSection(SolutionProperties) = preSolution
		HideSolutionNode = FALSE
	EndGlobalSection
	GlobalSection(ExtensibilityGlobals) = postSolution
		SolutionGuid = {E432B62C-8132-49CE-A1CB-A883AD73DC82}
	EndGlobalSection
EndGlobal
